// !$*UTF8*$!
{
	archiveVersion = 1;
	classes = {
	};
	objectVersion = 46;
	objects = {

/* Begin PBXBuildFile section */
		84A3F0AA1DDB517000D3F48A /* AppDelegate.swift in Sources */ = {isa = PBXBuildFile; fileRef = 84A3F0A91DDB517000D3F48A /* AppDelegate.swift */; };
		84A3F0AC1DDB517000D3F48A /* ViewController.swift in Sources */ = {isa = PBXBuildFile; fileRef = 84A3F0AB1DDB517000D3F48A /* ViewController.swift */; };
		84A3F0AF1DDB517000D3F48A /* Main.storyboard in Resources */ = {isa = PBXBuildFile; fileRef = 84A3F0AD1DDB517000D3F48A /* Main.storyboard */; };
		84A3F0B11DDB517000D3F48A /* Assets.xcassets in Resources */ = {isa = PBXBuildFile; fileRef = 84A3F0B01DDB517000D3F48A /* Assets.xcassets */; };
		84A3F0B41DDB517000D3F48A /* LaunchScreen.storyboard in Resources */ = {isa = PBXBuildFile; fileRef = 84A3F0B21DDB517000D3F48A /* LaunchScreen.storyboard */; };
		84A3F0BC1DDB52C000D3F48A /* data.todolist.swift in Sources */ = {isa = PBXBuildFile; fileRef = 84A3F0BB1DDB52C000D3F48A /* data.todolist.swift */; };
		84A3F0BE1DDB56A800D3F48A /* ListViewCell.swift in Sources */ = {isa = PBXBuildFile; fileRef = 84A3F0BD1DDB56A800D3F48A /* ListViewCell.swift */; };
		84A3F0C01DDB624500D3F48A /* SingeListViewController.swift in Sources */ = {isa = PBXBuildFile; fileRef = 84A3F0BF1DDB624500D3F48A /* SingeListViewController.swift */; };
		84A3F0C21DDB652900D3F48A /* TaskTableViewCell.swift in Sources */ = {isa = PBXBuildFile; fileRef = 84A3F0C11DDB652900D3F48A /* TaskTableViewCell.swift */; };
		84C41A651E084D04007512C2 /* GoogleService-Info (1).plist in Resources */ = {isa = PBXBuildFile; fileRef = 84C41A641E084D04007512C2 /* GoogleService-Info (1).plist */; };
		84CB3D211DDB739900F135B3 /* TaskDetailViewController.swift in Sources */ = {isa = PBXBuildFile; fileRef = 84CB3D201DDB739900F135B3 /* TaskDetailViewController.swift */; };
		ED0DF714A587BE052C1F2592 /* libPods-ToDoList.a in Frameworks */ = {isa = PBXBuildFile; fileRef = 5672B32D5F796564D5182685 /* libPods-ToDoList.a */; };
/* End PBXBuildFile section */

/* Begin PBXFileReference section */
		5672B32D5F796564D5182685 /* libPods-ToDoList.a */ = {isa = PBXFileReference; explicitFileType = archive.ar; includeInIndex = 0; path = "libPods-ToDoList.a"; sourceTree = BUILT_PRODUCTS_DIR; };
		84A3F0A61DDB517000D3F48A /* ToDoList.app */ = {isa = PBXFileReference; explicitFileType = wrapper.application; includeInIndex = 0; path = ToDoList.app; sourceTree = BUILT_PRODUCTS_DIR; };
		84A3F0A91DDB517000D3F48A /* AppDelegate.swift */ = {isa = PBXFileReference; lastKnownFileType = sourcecode.swift; path = AppDelegate.swift; sourceTree = "<group>"; };
		84A3F0AB1DDB517000D3F48A /* ViewController.swift */ = {isa = PBXFileReference; lastKnownFileType = sourcecode.swift; path = ViewController.swift; sourceTree = "<group>"; };
		84A3F0AE1DDB517000D3F48A /* Base */ = {isa = PBXFileReference; lastKnownFileType = file.storyboard; name = Base; path = Base.lproj/Main.storyboard; sourceTree = "<group>"; };
		84A3F0B01DDB517000D3F48A /* Assets.xcassets */ = {isa = PBXFileReference; lastKnownFileType = folder.assetcatalog; path = Assets.xcassets; sourceTree = "<group>"; };
		84A3F0B31DDB517000D3F48A /* Base */ = {isa = PBXFileReference; lastKnownFileType = file.storyboard; name = Base; path = Base.lproj/LaunchScreen.storyboard; sourceTree = "<group>"; };
		84A3F0B51DDB517000D3F48A /* Info.plist */ = {isa = PBXFileReference; lastKnownFileType = text.plist.xml; path = Info.plist; sourceTree = "<group>"; };
		84A3F0BB1DDB52C000D3F48A /* data.todolist.swift */ = {isa = PBXFileReference; fileEncoding = 4; lastKnownFileType = sourcecode.swift; path = data.todolist.swift; sourceTree = "<group>"; };
		84A3F0BD1DDB56A800D3F48A /* ListViewCell.swift */ = {isa = PBXFileReference; fileEncoding = 4; lastKnownFileType = sourcecode.swift; path = ListViewCell.swift; sourceTree = "<group>"; };
		84A3F0BF1DDB624500D3F48A /* SingeListViewController.swift */ = {isa = PBXFileReference; fileEncoding = 4; lastKnownFileType = sourcecode.swift; path = SingeListViewController.swift; sourceTree = "<group>"; };
		84A3F0C11DDB652900D3F48A /* TaskTableViewCell.swift */ = {isa = PBXFileReference; fileEncoding = 4; lastKnownFileType = sourcecode.swift; path = TaskTableViewCell.swift; sourceTree = "<group>"; };
		84C41A641E084D04007512C2 /* GoogleService-Info (1).plist */ = {isa = PBXFileReference; fileEncoding = 4; lastKnownFileType = text.plist.xml; path = "GoogleService-Info (1).plist"; sourceTree = "<group>"; };
		84CB3D201DDB739900F135B3 /* TaskDetailViewController.swift */ = {isa = PBXFileReference; fileEncoding = 4; lastKnownFileType = sourcecode.swift; name = TaskDetailViewController.swift; path = ../TaskDetailViewController.swift; sourceTree = "<group>"; };
		99C1EAA486BF0D62B08D5A39 /* Pods-ToDoList.debug.xcconfig */ = {isa = PBXFileReference; includeInIndex = 1; lastKnownFileType = text.xcconfig; name = "Pods-ToDoList.debug.xcconfig"; path = "Pods/Target Support Files/Pods-ToDoList/Pods-ToDoList.debug.xcconfig"; sourceTree = "<group>"; };
		9A592FE33976BA9E36868DAC /* Pods-ToDoList.release.xcconfig */ = {isa = PBXFileReference; includeInIndex = 1; lastKnownFileType = text.xcconfig; name = "Pods-ToDoList.release.xcconfig"; path = "Pods/Target Support Files/Pods-ToDoList/Pods-ToDoList.release.xcconfig"; sourceTree = "<group>"; };
/* End PBXFileReference section */

/* Begin PBXFrameworksBuildPhase section */
		84A3F0A31DDB517000D3F48A /* Frameworks */ = {
			isa = PBXFrameworksBuildPhase;
			buildActionMask = 2147483647;
			files = (
				ED0DF714A587BE052C1F2592 /* libPods-ToDoList.a in Frameworks */,
			);
			runOnlyForDeploymentPostprocessing = 0;
		};
/* End PBXFrameworksBuildPhase section */

/* Begin PBXGroup section */
		232A24F8C08BAFD70ECACBC2 /* Pods */ = {
			isa = PBXGroup;
			children = (
				99C1EAA486BF0D62B08D5A39 /* Pods-ToDoList.debug.xcconfig */,
				9A592FE33976BA9E36868DAC /* Pods-ToDoList.release.xcconfig */,
			);
			name = Pods;
			sourceTree = "<group>";
		};
		84A3F09D1DDB517000D3F48A = {
			isa = PBXGroup;
			children = (
				84A3F0A81DDB517000D3F48A /* ToDoList */,
				84A3F0A71DDB517000D3F48A /* Products */,
				232A24F8C08BAFD70ECACBC2 /* Pods */,
				95249542A4A9B39B8F722D56 /* Frameworks */,
			);
			sourceTree = "<group>";
		};
		84A3F0A71DDB517000D3F48A /* Products */ = {
			isa = PBXGroup;
			children = (
				84A3F0A61DDB517000D3F48A /* ToDoList.app */,
			);
			name = Products;
			sourceTree = "<group>";
		};
		84A3F0A81DDB517000D3F48A /* ToDoList */ = {
			isa = PBXGroup;
			children = (
				84A3F0A91DDB517000D3F48A /* AppDelegate.swift */,
				84A3F0AB1DDB517000D3F48A /* ViewController.swift */,
				84CB3D201DDB739900F135B3 /* TaskDetailViewController.swift */,
				84A3F0C11DDB652900D3F48A /* TaskTableViewCell.swift */,
				84A3F0AD1DDB517000D3F48A /* Main.storyboard */,
				84A3F0BF1DDB624500D3F48A /* SingeListViewController.swift */,
				84A3F0BB1DDB52C000D3F48A /* data.todolist.swift */,
				84A3F0BD1DDB56A800D3F48A /* ListViewCell.swift */,
				84A3F0B01DDB517000D3F48A /* Assets.xcassets */,
				84A3F0B21DDB517000D3F48A /* LaunchScreen.storyboard */,
				84A3F0B51DDB517000D3F48A /* Info.plist */,
				84C41A641E084D04007512C2 /* GoogleService-Info (1).plist */,
			);
			path = ToDoList;
			sourceTree = "<group>";
		};
		95249542A4A9B39B8F722D56 /* Frameworks */ = {
			isa = PBXGroup;
			children = (
				5672B32D5F796564D5182685 /* libPods-ToDoList.a */,
			);
			name = Frameworks;
			sourceTree = "<group>";
		};
/* End PBXGroup section */

/* Begin PBXNativeTarget section */
		84A3F0A51DDB517000D3F48A /* ToDoList */ = {
			isa = PBXNativeTarget;
			buildConfigurationList = 84A3F0B81DDB517000D3F48A /* Build configuration list for PBXNativeTarget "ToDoList" */;
			buildPhases = (
				B28F3D3ADFCAAA852395CDAE /* [CP] Check Pods Manifest.lock */,
				84A3F0A21DDB517000D3F48A /* Sources */,
				84A3F0A31DDB517000D3F48A /* Frameworks */,
				84A3F0A41DDB517000D3F48A /* Resources */,
				D3DB53D4918672ADE62E8195 /* [CP] Embed Pods Frameworks */,
				AD97E1E775A8E81F0971B872 /* [CP] Copy Pods Resources */,
			);
			buildRules = (
			);
			dependencies = (
			);
			name = ToDoList;
			productName = ToDoList;
			productReference = 84A3F0A61DDB517000D3F48A /* ToDoList.app */;
			productType = "com.apple.product-type.application";
		};
/* End PBXNativeTarget section */

/* Begin PBXProject section */
		84A3F09E1DDB517000D3F48A /* Project object */ = {
			isa = PBXProject;
			attributes = {
				LastSwiftUpdateCheck = 0810;
				LastUpgradeCheck = 0810;
				ORGANIZATIONNAME = "Edward Han";
				TargetAttributes = {
					84A3F0A51DDB517000D3F48A = {
						CreatedOnToolsVersion = 8.1;
						ProvisioningStyle = Automatic;
					};
				};
			};
			buildConfigurationList = 84A3F0A11DDB517000D3F48A /* Build configuration list for PBXProject "ToDoList" */;
			compatibilityVersion = "Xcode 3.2";
			developmentRegion = English;
			hasScannedForEncodings = 0;
			knownRegions = (
				en,
				Base,
			);
			mainGroup = 84A3F09D1DDB517000D3F48A;
			productRefGroup = 84A3F0A71DDB517000D3F48A /* Products */;
			projectDirPath = "";
			projectRoot = "";
			targets = (
				84A3F0A51DDB517000D3F48A /* ToDoList */,
			);
		};
/* End PBXProject section */

/* Begin PBXResourcesBuildPhase section */
		84A3F0A41DDB517000D3F48A /* Resources */ = {
			isa = PBXResourcesBuildPhase;
			buildActionMask = 2147483647;
			files = (
				84A3F0B41DDB517000D3F48A /* LaunchScreen.storyboard in Resources */,
				84A3F0B11DDB517000D3F48A /* Assets.xcassets in Resources */,
				84A3F0AF1DDB517000D3F48A /* Main.storyboard in Resources */,
				84C41A651E084D04007512C2 /* GoogleService-Info (1).plist in Resources */,
			);
			runOnlyForDeploymentPostprocessing = 0;
		};
/* End PBXResourcesBuildPhase section */

/* Begin PBXShellScriptBuildPhase section */
		AD97E1E775A8E81F0971B872 /* [CP] Copy Pods Resources */ = {
			isa = PBXShellScriptBuildPhase;
			buildActionMask = 2147483647;
			files = (
			);
			inputPaths = (
			);
			name = "[CP] Copy Pods Resources";
			outputPaths = (
			);
			runOnlyForDeploymentPostprocessing = 0;
			shellPath = /bin/sh;
			shellScript = "\"${SRCROOT}/Pods/Target Support Files/Pods-ToDoList/Pods-ToDoList-resources.sh\"\n";
			showEnvVarsInLog = 0;
		};
		B28F3D3ADFCAAA852395CDAE /* [CP] Check Pods Manifest.lock */ = {
			isa = PBXShellScriptBuildPhase;
			buildActionMask = 2147483647;
			files = (
			);
			inputPaths = (
			);
			name = "[CP] Check Pods Manifest.lock";
			outputPaths = (
			);
			runOnlyForDeploymentPostprocessing = 0;
			shellPath = /bin/sh;
			shellScript = "diff \"${PODS_ROOT}/../Podfile.lock\" \"${PODS_ROOT}/Manifest.lock\" > /dev/null\nif [ $? != 0 ] ; then\n    # print error to STDERR\n    echo \"error: The sandbox is not in sync with the Podfile.lock. Run 'pod install' or update your CocoaPods installation.\" >&2\n    exit 1\nfi\n";
			showEnvVarsInLog = 0;
		};
		D3DB53D4918672ADE62E8195 /* [CP] Embed Pods Frameworks */ = {
			isa = PBXShellScriptBuildPhase;
			buildActionMask = 2147483647;
			files = (
			);
			inputPaths = (
			);
			name = "[CP] Embed Pods Frameworks";
			outputPaths = (
			);
			runOnlyForDeploymentPostprocessing = 0;
			shellPath = /bin/sh;
			shellScript = "\"${SRCROOT}/Pods/Target Support Files/Pods-ToDoList/Pods-ToDoList-frameworks.sh\"\n";
			showEnvVarsInLog = 0;
		};
/* End PBXShellScriptBuildPhase section */

/* Begin PBXSourcesBuildPhase section */
		84A3F0A21DDB517000D3F48A /* Sources */ = {
			isa = PBXSourcesBuildPhase;
			buildActionMask = 2147483647;
			files = (
				84CB3D211DDB739900F135B3 /* TaskDetailViewController.swift in Sources */,
				84A3F0C01DDB624500D3F48A /* SingeListViewController.swift in Sources */,
				84A3F0BE1DDB56A800D3F48A /* ListViewCell.swift in Sources */,
				84A3F0C21DDB652900D3F48A /* TaskTableViewCell.swift in Sources */,
				84A3F0AC1DDB517000D3F48A /* ViewController.swift in Sources */,
				84A3F0BC1DDB52C000D3F48A /* data.todolist.swift in Sources */,
				84A3F0AA1DDB517000D3F48A /* AppDelegate.swift in Sources */,
			);
			runOnlyForDeploymentPostprocessing = 0;
		};
/* End PBXSourcesBuildPhase section */

/* Begin PBXVariantGroup section */
		84A3F0AD1DDB517000D3F48A /* Main.storyboard */ = {
			isa = PBXVariantGroup;
			children = (
				84A3F0AE1DDB517000D3F48A /* Base */,
			);
			name = Main.storyboard;
			sourceTree = "<group>";
		};
		84A3F0B21DDB517000D3F48A /* LaunchScreen.storyboard */ = {
			isa = PBXVariantGroup;
			children = (
				84A3F0B31DDB517000D3F48A /* Base */,
			);
			name = LaunchScreen.storyboard;
			sourceTree = "<group>";
		};
/* End PBXVariantGroup section */

/* Begin XCBuildConfiguration section */
		84A3F0B61DDB517000D3F48A /* Debug */ = {
			isa = XCBuildConfiguration;
			buildSettings = {
				ALWAYS_SEARCH_USER_PATHS = NO;
				CLANG_ANALYZER_NONNULL = YES;
				CLANG_CXX_LANGUAGE_STANDARD = "gnu++0x";
				CLANG_CXX_LIBRARY = "libc++";
				CLANG_ENABLE_MODULES = YES;
				CLANG_ENABLE_OBJC_ARC = YES;
				CLANG_WARN_BOOL_CONVERSION = YES;
				CLANG_WARN_CONSTANT_CONVERSION = YES;
				CLANG_WARN_DIRECT_OBJC_ISA_USAGE = YES_ERROR;
				CLANG_WARN_DOCUMENTATION_COMMENTS = YES;
				CLANG_WARN_EMPTY_BODY = YES;
				CLANG_WARN_ENUM_CONVERSION = YES;
				CLANG_WARN_INFINITE_RECURSION = YES;
				CLANG_WARN_INT_CONVERSION = YES;
				CLANG_WARN_OBJC_ROOT_CLASS = YES_ERROR;
				CLANG_WARN_SUSPICIOUS_MOVES = YES;
				CLANG_WARN_UNREACHABLE_CODE = YES;
				CLANG_WARN__DUPLICATE_METHOD_MATCH = YES;
				"CODE_SIGN_IDENTITY[sdk=iphoneos*]" = "iPhone Developer";
				COPY_PHASE_STRIP = NO;
				DEBUG_INFORMATION_FORMAT = dwarf;
				ENABLE_STRICT_OBJC_MSGSEND = YES;
				ENABLE_TESTABILITY = YES;
				GCC_C_LANGUAGE_STANDARD = gnu99;
				GCC_DYNAMIC_NO_PIC = NO;
				GCC_NO_COMMON_BLOCKS = YES;
				GCC_OPTIMIZATION_LEVEL = 0;
				GCC_PREPROCESSOR_DEFINITIONS = (
					"DEBUG=1",
					"$(inherited)",
				);
				GCC_WARN_64_TO_32_BIT_CONVERSION = YES;
				GCC_WARN_ABOUT_RETURN_TYPE = YES_ERROR;
				GCC_WARN_UNDECLARED_SELECTOR = YES;
				GCC_WARN_UNINITIALIZED_AUTOS = YES_AGGRESSIVE;
				GCC_WARN_UNUSED_FUNCTION = YES;
				GCC_WARN_UNUSED_VARIABLE = YES;
				IPHONEOS_DEPLOYMENT_TARGET = 10.1;
				MTL_ENABLE_DEBUG_INFO = YES;
				ONLY_ACTIVE_ARCH = YES;
				SDKROOT = iphoneos;
				SWIFT_ACTIVE_COMPILATION_CONDITIONS = DEBUG;
				SWIFT_OPTIMIZATION_LEVEL = "-Onone";
			};
			name = Debug;
		};
		84A3F0B71DDB517000D3F48A /* Release */ = {
			isa = XCBuildConfiguration;
			buildSettings = {
				ALWAYS_SEARCH_USER_PATHS = NO;
				CLANG_ANALYZER_NONNULL = YES;
				CLANG_CXX_LANGUAGE_STANDARD = "gnu++0x";
				CLANG_CXX_LIBRARY = "libc++";
				CLANG_ENABLE_MODULES = YES;
				CLANG_ENABLE_OBJC_ARC = YES;
				CLANG_WARN_BOOL_CONVERSION = YES;
				CLANG_WARN_CONSTANT_CONVERSION = YES;
				CLANG_WARN_DIRECT_OBJC_ISA_USAGE = YES_ERROR;
				CLANG_WARN_DOCUMENTATION_COMMENTS = YES;
				CLANG_WARN_EMPTY_BODY = YES;
				CLANG_WARN_ENUM_CONVERSION = YES;
				CLANG_WARN_INFINITE_RECURSION = YES;
				CLANG_WARN_INT_CONVERSION = YES;
				CLANG_WARN_OBJC_ROOT_CLASS = YES_ERROR;
				CLANG_WARN_SUSPICIOUS_MOVES = YES;
				CLANG_WARN_UNREACHABLE_CODE = YES;
				CLANG_WARN__DUPLICATE_METHOD_MATCH = YES;
				"CODE_SIGN_IDENTITY[sdk=iphoneos*]" = "iPhone Developer";
				COPY_PHASE_STRIP = NO;
				DEBUG_INFORMATION_FORMAT = "dwarf-with-dsym";
				ENABLE_NS_ASSERTIONS = NO;
				ENABLE_STRICT_OBJC_MSGSEND = YES;
				GCC_C_LANGUAGE_STANDARD = gnu99;
				GCC_NO_COMMON_BLOCKS = YES;
				GCC_WARN_64_TO_32_BIT_CONVERSION = YES;
				GCC_WARN_ABOUT_RETURN_TYPE = YES_ERROR;
				GCC_WARN_UNDECLARED_SELECTOR = YES;
				GCC_WARN_UNINITIALIZED_AUTOS = YES_AGGRESSIVE;
				GCC_WARN_UNUSED_FUNCTION = YES;
				GCC_WARN_UNUSED_VARIABLE = YES;
				IPHONEOS_DEPLOYMENT_TARGET = 10.1;
				MTL_ENABLE_DEBUG_INFO = NO;
				SDKROOT = iphoneos;
				SWIFT_OPTIMIZATION_LEVEL = "-Owholemodule";
				VALIDATE_PRODUCT = YES;
			};
			name = Release;
		};
		84A3F0B91DDB517000D3F48A /* Debug */ = {
			isa = XCBuildConfiguration;
			baseConfigurationReference = 99C1EAA486BF0D62B08D5A39 /* Pods-ToDoList.debug.xcconfig */;
			buildSettings = {
				ASSETCATALOG_COMPILER_APPICON_NAME = AppIcon;
				INFOPLIST_FILE = ToDoList/Info.plist;
				LD_RUNPATH_SEARCH_PATHS = "$(inherited) @executable_path/Frameworks";
				PRODUCT_BUNDLE_IDENTIFIER = ga.ToDoList;
				PRODUCT_NAME = "$(TARGET_NAME)";
				SWIFT_VERSION = 3.0;
			};
			name = Debug;
		};
		84A3F0BA1DDB517000D3F48A /* Release */ = {
			isa = XCBuildConfiguration;
			baseConfigurationReference = 9A592FE33976BA9E36868DAC /* Pods-ToDoList.release.xcconfig */;
			buildSettings = {
				ASSETCATALOG_COMPILER_APPICON_NAME = AppIcon;
				INFOPLIST_FILE = ToDoList/Info.plist;
				LD_RUNPATH_SEARCH_PATHS = "$(inherited) @executable_path/Frameworks";
				PRODUCT_BUNDLE_IDENTIFIER = ga.ToDoList;
				PRODUCT_NAME = "$(TARGET_NAME)";
				SWIFT_VERSION = 3.0;
			};
			name = Release;
		};
/* End XCBuildConfiguration section */

/* Begin XCConfigurationList section */
		84A3F0A11DDB517000D3F48A /* Build configuration list for PBXProject "ToDoList" */ = {
			isa = XCConfigurationList;
			buildConfigurations = (
				84A3F0B61DDB517000D3F48A /* Debug */,
				84A3F0B71DDB517000D3F48A /* Release */,
			);
			defaultConfigurationIsVisible = 0;
			defaultConfigurationName = Release;
		};
		84A3F0B81DDB517000D3F48A /* Build configuration list for PBXNativeTarget "ToDoList" */ = {
			isa = XCConfigurationList;
			buildConfigurations = (
				84A3F0B91DDB517000D3F48A /* Debug */,
				84A3F0BA1DDB517000D3F48A /* Release */,
			);
			defaultConfigurationIsVisible = 0;
			defaultConfigurationName = Release;
		};
/* End XCConfigurationList section */
	};
	rootObject = 84A3F09E1DDB517000D3F48A /* Project object */;
}
